// !$*UTF8*$!
{
	archiveVersion = 1;
	classes = {
	};
	objectVersion = 56;
	objects = {

/* Begin PBXBuildFile section */
		5EA825EA29EF2BB000C3A63C /* GraphicsWithKernelApp.swift in Sources */ = {isa = PBXBuildFile; fileRef = 5EA825E929EF2BB000C3A63C /* GraphicsWithKernelApp.swift */; };
		5EA825EC29EF2BB000C3A63C /* ContentView.swift in Sources */ = {isa = PBXBuildFile; fileRef = 5EA825EB29EF2BB000C3A63C /* ContentView.swift */; };
		5EA825EE29EF2BB100C3A63C /* Assets.xcassets in Resources */ = {isa = PBXBuildFile; fileRef = 5EA825ED29EF2BB100C3A63C /* Assets.xcassets */; };
		5EA825F129EF2BB100C3A63C /* Preview Assets.xcassets in Resources */ = {isa = PBXBuildFile; fileRef = 5EA825F029EF2BB100C3A63C /* Preview Assets.xcassets */; };
		5EA8260F29EF2BC900C3A63C /* GraphicsViewController.swift in Sources */ = {isa = PBXBuildFile; fileRef = 5EA8260129EF2BC900C3A63C /* GraphicsViewController.swift */; };
		5EA8261029EF2BC900C3A63C /* GraphicsViewControllerRepresentable.swift in Sources */ = {isa = PBXBuildFile; fileRef = 5EA8260229EF2BC900C3A63C /* GraphicsViewControllerRepresentable.swift */; };
		5EA8261129EF2BC900C3A63C /* Shaders.metal in Sources */ = {isa = PBXBuildFile; fileRef = 5EA8260429EF2BC900C3A63C /* Shaders.metal */; };
		5EA8261229EF2BC900C3A63C /* Vertex.swift in Sources */ = {isa = PBXBuildFile; fileRef = 5EA8260629EF2BC900C3A63C /* Vertex.swift */; };
		5EA8262A29EF2F1000C3A63C /* Operator.swift in Sources */ = {isa = PBXBuildFile; fileRef = 5EA8261D29EF2F1000C3A63C /* Operator.swift */; };
/* End PBXBuildFile section */

/* Begin PBXFileReference section */
		5EA825E629EF2BB000C3A63C /* GraphicsWithKernel.app */ = {isa = PBXFileReference; explicitFileType = wrapper.application; includeInIndex = 0; path = GraphicsWithKernel.app; sourceTree = BUILT_PRODUCTS_DIR; };
		5EA825E929EF2BB000C3A63C /* GraphicsWithKernelApp.swift */ = {isa = PBXFileReference; lastKnownFileType = sourcecode.swift; path = GraphicsWithKernelApp.swift; sourceTree = "<group>"; };
		5EA825EB29EF2BB000C3A63C /* ContentView.swift */ = {isa = PBXFileReference; lastKnownFileType = sourcecode.swift; path = ContentView.swift; sourceTree = "<group>"; };
		5EA825ED29EF2BB100C3A63C /* Assets.xcassets */ = {isa = PBXFileReference; lastKnownFileType = folder.assetcatalog; path = Assets.xcassets; sourceTree = "<group>"; };
		5EA825F029EF2BB100C3A63C /* Preview Assets.xcassets */ = {isa = PBXFileReference; lastKnownFileType = folder.assetcatalog; path = "Preview Assets.xcassets"; sourceTree = "<group>"; };
		5EA8260029EF2BC900C3A63C /* Vertex.hpp */ = {isa = PBXFileReference; fileEncoding = 4; lastKnownFileType = sourcecode.cpp.h; path = Vertex.hpp; sourceTree = "<group>"; };
		5EA8260129EF2BC900C3A63C /* GraphicsViewController.swift */ = {isa = PBXFileReference; fileEncoding = 4; lastKnownFileType = sourcecode.swift; path = GraphicsViewController.swift; sourceTree = "<group>"; };
		5EA8260229EF2BC900C3A63C /* GraphicsViewControllerRepresentable.swift */ = {isa = PBXFileReference; fileEncoding = 4; lastKnownFileType = sourcecode.swift; path = GraphicsViewControllerRepresentable.swift; sourceTree = "<group>"; };
		5EA8260329EF2BC900C3A63C /* Bridging-Header.h */ = {isa = PBXFileReference; fileEncoding = 4; lastKnownFileType = sourcecode.c.h; path = "Bridging-Header.h"; sourceTree = "<group>"; };
		5EA8260429EF2BC900C3A63C /* Shaders.metal */ = {isa = PBXFileReference; fileEncoding = 4; lastKnownFileType = sourcecode.metal; path = Shaders.metal; sourceTree = "<group>"; };
		5EA8260529EF2BC900C3A63C /* Uniforms.h */ = {isa = PBXFileReference; fileEncoding = 4; lastKnownFileType = sourcecode.c.h; path = Uniforms.h; sourceTree = "<group>"; };
		5EA8260629EF2BC900C3A63C /* Vertex.swift */ = {isa = PBXFileReference; fileEncoding = 4; lastKnownFileType = sourcecode.swift; path = Vertex.swift; sourceTree = "<group>"; };
		5EA8261D29EF2F1000C3A63C /* Operator.swift */ = {isa = PBXFileReference; fileEncoding = 4; lastKnownFileType = sourcecode.swift; path = Operator.swift; sourceTree = "<group>"; };
/* End PBXFileReference section */

/* Begin PBXFrameworksBuildPhase section */
		5EA825E329EF2BB000C3A63C /* Frameworks */ = {
			isa = PBXFrameworksBuildPhase;
			buildActionMask = 2147483647;
			files = (
			);
			runOnlyForDeploymentPostprocessing = 0;
		};
/* End PBXFrameworksBuildPhase section */

/* Begin PBXGroup section */
		5EA825DD29EF2BB000C3A63C = {
			isa = PBXGroup;
			children = (
				5EA825E829EF2BB000C3A63C /* GraphicsWithKernel */,
				5EA825E729EF2BB000C3A63C /* Products */,
			);
			sourceTree = "<group>";
		};
		5EA825E729EF2BB000C3A63C /* Products */ = {
			isa = PBXGroup;
			children = (
				5EA825E629EF2BB000C3A63C /* GraphicsWithKernel.app */,
			);
			name = Products;
			sourceTree = "<group>";
		};
		5EA825E829EF2BB000C3A63C /* GraphicsWithKernel */ = {
			isa = PBXGroup;
			children = (
				5EA8260329EF2BC900C3A63C /* Bridging-Header.h */,
				5EA8261D29EF2F1000C3A63C /* Operator.swift */,
				5EA8260129EF2BC900C3A63C /* GraphicsViewController.swift */,
				5EA8260229EF2BC900C3A63C /* GraphicsViewControllerRepresentable.swift */,
				5EA8260429EF2BC900C3A63C /* Shaders.metal */,
				5EA8260529EF2BC900C3A63C /* Uniforms.h */,
				5EA8260029EF2BC900C3A63C /* Vertex.hpp */,
				5EA8260629EF2BC900C3A63C /* Vertex.swift */,
				5EA825E929EF2BB000C3A63C /* GraphicsWithKernelApp.swift */,
				5EA825EB29EF2BB000C3A63C /* ContentView.swift */,
				5EA825ED29EF2BB100C3A63C /* Assets.xcassets */,
				5EA825EF29EF2BB100C3A63C /* Preview Content */,
			);
			path = GraphicsWithKernel;
			sourceTree = "<group>";
		};
		5EA825EF29EF2BB100C3A63C /* Preview Content */ = {
			isa = PBXGroup;
			children = (
				5EA825F029EF2BB100C3A63C /* Preview Assets.xcassets */,
			);
			path = "Preview Content";
			sourceTree = "<group>";
		};
/* End PBXGroup section */

/* Begin PBXNativeTarget section */
		5EA825E529EF2BB000C3A63C /* GraphicsWithKernel */ = {
			isa = PBXNativeTarget;
			buildConfigurationList = 5EA825F429EF2BB100C3A63C /* Build configuration list for PBXNativeTarget "GraphicsWithKernel" */;
			buildPhases = (
				5EA825E229EF2BB000C3A63C /* Sources */,
				5EA825E329EF2BB000C3A63C /* Frameworks */,
				5EA825E429EF2BB000C3A63C /* Resources */,
			);
			buildRules = (
			);
			dependencies = (
			);
			name = GraphicsWithKernel;
			productName = GraphicsWithKernel;
			productReference = 5EA825E629EF2BB000C3A63C /* GraphicsWithKernel.app */;
			productType = "com.apple.product-type.application";
		};
/* End PBXNativeTarget section */

/* Begin PBXProject section */
		5EA825DE29EF2BB000C3A63C /* Project object */ = {
			isa = PBXProject;
			attributes = {
				BuildIndependentTargetsInParallel = 1;
				LastSwiftUpdateCheck = 1420;
				LastUpgradeCheck = 1420;
				TargetAttributes = {
					5EA825E529EF2BB000C3A63C = {
						CreatedOnToolsVersion = 14.2;
					};
				};
			};
			buildConfigurationList = 5EA825E129EF2BB000C3A63C /* Build configuration list for PBXProject "GraphicsWithKernel" */;
			compatibilityVersion = "Xcode 14.0";
			developmentRegion = en;
			hasScannedForEncodings = 0;
			knownRegions = (
				en,
				Base,
			);
			mainGroup = 5EA825DD29EF2BB000C3A63C;
			productRefGroup = 5EA825E729EF2BB000C3A63C /* Products */;
			projectDirPath = "";
			projectRoot = "";
			targets = (
				5EA825E529EF2BB000C3A63C /* GraphicsWithKernel */,
			);
		};
/* End PBXProject section */

/* Begin PBXResourcesBuildPhase section */
		5EA825E429EF2BB000C3A63C /* Resources */ = {
			isa = PBXResourcesBuildPhase;
			buildActionMask = 2147483647;
			files = (
				5EA825F129EF2BB100C3A63C /* Preview Assets.xcassets in Resources */,
				5EA825EE29EF2BB100C3A63C /* Assets.xcassets in Resources */,
			);
			runOnlyForDeploymentPostprocessing = 0;
		};
/* End PBXResourcesBuildPhase section */

/* Begin PBXSourcesBuildPhase section */
		5EA825E229EF2BB000C3A63C /* Sources */ = {
			isa = PBXSourcesBuildPhase;
			buildActionMask = 2147483647;
			files = (
				5EA8261029EF2BC900C3A63C /* GraphicsViewControllerRepresentable.swift in Sources */,
				5EA8262A29EF2F1000C3A63C /* Operator.swift in Sources */,
				5EA8261129EF2BC900C3A63C /* Shaders.metal in Sources */,
				5EA8261229EF2BC900C3A63C /* Vertex.swift in Sources */,
				5EA825EC29EF2BB000C3A63C /* ContentView.swift in Sources */,
				5EA8260F29EF2BC900C3A63C /* GraphicsViewController.swift in Sources */,
				5EA825EA29EF2BB000C3A63C /* GraphicsWithKernelApp.swift in Sources */,
			);
			runOnlyForDeploymentPostprocessing = 0;
		};
/* End PBXSourcesBuildPhase section */

/* Begin XCBuildConfiguration section */
		5EA825F229EF2BB100C3A63C /* Debug */ = {
			isa = XCBuildConfiguration;
			buildSettings = {
				ALWAYS_SEARCH_USER_PATHS = NO;
				CLANG_ANALYZER_NONNULL = YES;
				CLANG_ANALYZER_NUMBER_OBJECT_CONVERSION = YES_AGGRESSIVE;
				CLANG_CXX_LANGUAGE_STANDARD = "gnu++20";
				CLANG_ENABLE_MODULES = YES;
				CLANG_ENABLE_OBJC_ARC = YES;
				CLANG_ENABLE_OBJC_WEAK = YES;
				CLANG_WARN_BLOCK_CAPTURE_AUTORELEASING = YES;
				CLANG_WARN_BOOL_CONVERSION = YES;
				CLANG_WARN_COMMA = YES;
				CLANG_WARN_CONSTANT_CONVERSION = YES;
				CLANG_WARN_DEPRECATED_OBJC_IMPLEMENTATIONS = YES;
				CLANG_WARN_DIRECT_OBJC_ISA_USAGE = YES_ERROR;
				CLANG_WARN_DOCUMENTATION_COMMENTS = YES;
				CLANG_WARN_EMPTY_BODY = YES;
				CLANG_WARN_ENUM_CONVERSION = YES;
				CLANG_WARN_INFINITE_RECURSION = YES;
				CLANG_WARN_INT_CONVERSION = YES;
				CLANG_WARN_NON_LITERAL_NULL_CONVERSION = YES;
				CLANG_WARN_OBJC_IMPLICIT_RETAIN_SELF = YES;
				CLANG_WARN_OBJC_LITERAL_CONVERSION = YES;
				CLANG_WARN_OBJC_ROOT_CLASS = YES_ERROR;
				CLANG_WARN_QUOTED_INCLUDE_IN_FRAMEWORK_HEADER = YES;
				CLANG_WARN_RANGE_LOOP_ANALYSIS = YES;
				CLANG_WARN_STRICT_PROTOTYPES = YES;
				CLANG_WARN_SUSPICIOUS_MOVE = YES;
				CLANG_WARN_UNGUARDED_AVAILABILITY = YES_AGGRESSIVE;
				CLANG_WARN_UNREACHABLE_CODE = YES;
				CLANG_WARN__DUPLICATE_METHOD_MATCH = YES;
				COPY_PHASE_STRIP = NO;
				DEBUG_INFORMATION_FORMAT = dwarf;
				ENABLE_STRICT_OBJC_MSGSEND = YES;
				ENABLE_TESTABILITY = YES;
				GCC_C_LANGUAGE_STANDARD = gnu11;
				GCC_DYNAMIC_NO_PIC = NO;
				GCC_NO_COMMON_BLOCKS = YES;
				GCC_OPTIMIZATION_LEVEL = 0;
				GCC_PREPROCESSOR_DEFINITIONS = (
					"DEBUG=1",
					"$(inherited)",
				);
				GCC_WARN_64_TO_32_BIT_CONVERSION = YES;
				GCC_WARN_ABOUT_RETURN_TYPE = YES_ERROR;
				GCC_WARN_UNDECLARED_SELECTOR = YES;
				GCC_WARN_UNINITIALIZED_AUTOS = YES_AGGRESSIVE;
				GCC_WARN_UNUSED_FUNCTION = YES;
				GCC_WARN_UNUSED_VARIABLE = YES;
				IPHONEOS_DEPLOYMENT_TARGET = 16.2;
				MTL_ENABLE_DEBUG_INFO = INCLUDE_SOURCE;
				MTL_FAST_MATH = YES;
				ONLY_ACTIVE_ARCH = YES;
				SDKROOT = iphoneos;
				SWIFT_ACTIVE_COMPILATION_CONDITIONS = DEBUG;
				SWIFT_OPTIMIZATION_LEVEL = "-Onone";
			};
			name = Debug;
		};
		5EA825F329EF2BB100C3A63C /* Release */ = {
			isa = XCBuildConfiguration;
			buildSettings = {
				ALWAYS_SEARCH_USER_PATHS = NO;
				CLANG_ANALYZER_NONNULL = YES;
				CLANG_ANALYZER_NUMBER_OBJECT_CONVERSION = YES_AGGRESSIVE;
				CLANG_CXX_LANGUAGE_STANDARD = "gnu++20";
				CLANG_ENABLE_MODULES = YES;
				CLANG_ENABLE_OBJC_ARC = YES;
				CLANG_ENABLE_OBJC_WEAK = YES;
				CLANG_WARN_BLOCK_CAPTURE_AUTORELEASING = YES;
				CLANG_WARN_BOOL_CONVERSION = YES;
				CLANG_WARN_COMMA = YES;
				CLANG_WARN_CONSTANT_CONVERSION = YES;
				CLANG_WARN_DEPRECATED_OBJC_IMPLEMENTATIONS = YES;
				CLANG_WARN_DIRECT_OBJC_ISA_USAGE = YES_ERROR;
				CLANG_WARN_DOCUMENTATION_COMMENTS = YES;
				CLANG_WARN_EMPTY_BODY = YES;
				CLANG_WARN_ENUM_CONVERSION = YES;
				CLANG_WARN_INFINITE_RECURSION = YES;
				CLANG_WARN_INT_CONVERSION = YES;
				CLANG_WARN_NON_LITERAL_NULL_CONVERSION = YES;
				CLANG_WARN_OBJC_IMPLICIT_RETAIN_SELF = YES;
				CLANG_WARN_OBJC_LITERAL_CONVERSION = YES;
				CLANG_WARN_OBJC_ROOT_CLASS = YES_ERROR;
				CLANG_WARN_QUOTED_INCLUDE_IN_FRAMEWORK_HEADER = YES;
				CLANG_WARN_RANGE_LOOP_ANALYSIS = YES;
				CLANG_WARN_STRICT_PROTOTYPES = YES;
				CLANG_WARN_SUSPICIOUS_MOVE = YES;
				CLANG_WARN_UNGUARDED_AVAILABILITY = YES_AGGRESSIVE;
				CLANG_WARN_UNREACHABLE_CODE = YES;
				CLANG_WARN__DUPLICATE_METHOD_MATCH = YES;
				COPY_PHASE_STRIP = NO;
				DEBUG_INFORMATION_FORMAT = "dwarf-with-dsym";
				ENABLE_NS_ASSERTIONS = NO;
				ENABLE_STRICT_OBJC_MSGSEND = YES;
				GCC_C_LANGUAGE_STANDARD = gnu11;
				GCC_NO_COMMON_BLOCKS = YES;
				GCC_WARN_64_TO_32_BIT_CONVERSION = YES;
				GCC_WARN_ABOUT_RETURN_TYPE = YES_ERROR;
				GCC_WARN_UNDECLARED_SELECTOR = YES;
				GCC_WARN_UNINITIALIZED_AUTOS = YES_AGGRESSIVE;
				GCC_WARN_UNUSED_FUNCTION = YES;
				GCC_WARN_UNUSED_VARIABLE = YES;
				IPHONEOS_DEPLOYMENT_TARGET = 16.2;
				MTL_ENABLE_DEBUG_INFO = NO;
				MTL_FAST_MATH = YES;
				SDKROOT = iphoneos;
				SWIFT_COMPILATION_MODE = wholemodule;
				SWIFT_OPTIMIZATION_LEVEL = "-O";
				VALIDATE_PRODUCT = YES;
			};
			name = Release;
		};
		5EA825F529EF2BB100C3A63C /* Debug */ = {
			isa = XCBuildConfiguration;
			buildSettings = {
				ASSETCATALOG_COMPILER_APPICON_NAME = AppIcon;
				ASSETCATALOG_COMPILER_GLOBAL_ACCENT_COLOR_NAME = AccentColor;
				CODE_SIGN_STYLE = Automatic;
				CURRENT_PROJECT_VERSION = 1;
				DEVELOPMENT_ASSET_PATHS = "\"GraphicsWithKernel/Preview Content\"";
				DEVELOPMENT_TEAM = CA2XPSS8GX;
				ENABLE_PREVIEWS = YES;
				GENERATE_INFOPLIST_FILE = YES;
				INFOPLIST_KEY_UIApplicationSceneManifest_Generation = YES;
				INFOPLIST_KEY_UIApplicationSupportsIndirectInputEvents = YES;
				INFOPLIST_KEY_UILaunchScreen_Generation = YES;
				INFOPLIST_KEY_UISupportedInterfaceOrientations_iPad = "UIInterfaceOrientationPortrait UIInterfaceOrientationPortraitUpsideDown UIInterfaceOrientationLandscapeLeft UIInterfaceOrientationLandscapeRight";
				INFOPLIST_KEY_UISupportedInterfaceOrientations_iPhone = "UIInterfaceOrientationPortrait UIInterfaceOrientationLandscapeLeft UIInterfaceOrientationLandscapeRight";
				LD_RUNPATH_SEARCH_PATHS = (
					"$(inherited)",
					"@executable_path/Frameworks",
				);
				MARKETING_VERSION = 1.0;
				PRODUCT_BUNDLE_IDENTIFIER = com.teetersoftwaresolutions.GraphicsWithKernel;
				PRODUCT_NAME = "$(TARGET_NAME)";
				SWIFT_EMIT_LOC_STRINGS = YES;
				SWIFT_OBJC_BRIDGING_HEADER = "${PROJECT_DIR}/GraphicsWithKernel/Bridging-Header.h";
				SWIFT_VERSION = 5.0;
				TARGETED_DEVICE_FAMILY = "1,2";
			};
			name = Debug;
		};
		5EA825F629EF2BB100C3A63C /* Release */ = {
			isa = XCBuildConfiguration;
			buildSettings = {
				ASSETCATALOG_COMPILER_APPICON_NAME = AppIcon;
				ASSETCATALOG_COMPILER_GLOBAL_ACCENT_COLOR_NAME = AccentColor;
				CODE_SIGN_STYLE = Automatic;
				CURRENT_PROJECT_VERSION = 1;
				DEVELOPMENT_ASSET_PATHS = "\"GraphicsWithKernel/Preview Content\"";
				DEVELOPMENT_TEAM = CA2XPSS8GX;
				ENABLE_PREVIEWS = YES;
				GENERATE_INFOPLIST_FILE = YES;
				INFOPLIST_KEY_UIApplicationSceneManifest_Generation = YES;
				INFOPLIST_KEY_UIApplicationSupportsIndirectInputEvents = YES;
				INFOPLIST_KEY_UILaunchScreen_Generation = YES;
				INFOPLIST_KEY_UISupportedInterfaceOrientations_iPad = "UIInterfaceOrientationPortrait UIInterfaceOrientationPortraitUpsideDown UIInterfaceOrientationLandscapeLeft UIInterfaceOrientationLandscapeRight";
				INFOPLIST_KEY_UISupportedInterfaceOrientations_iPhone = "UIInterfaceOrientationPortrait UIInterfaceOrientationLandscapeLeft UIInterfaceOrientationLandscapeRight";
				LD_RUNPATH_SEARCH_PATHS = (
					"$(inherited)",
					"@executable_path/Frameworks",
				);
				MARKETING_VERSION = 1.0;
				PRODUCT_BUNDLE_IDENTIFIER = com.teetersoftwaresolutions.GraphicsWithKernel;
				PRODUCT_NAME = "$(TARGET_NAME)";
				SWIFT_EMIT_LOC_STRINGS = YES;
				SWIFT_OBJC_BRIDGING_HEADER = "${PROJECT_DIR}/GraphicsWithKernel/Bridging-Header.h";
				SWIFT_VERSION = 5.0;
				TARGETED_DEVICE_FAMILY = "1,2";
			};
			name = Release;
		};
/* End XCBuildConfiguration section */

/* Begin XCConfigurationList section */
		5EA825E129EF2BB000C3A63C /* Build configuration list for PBXProject "GraphicsWithKernel" */ = {
			isa = XCConfigurationList;
			buildConfigurations = (
				5EA825F229EF2BB100C3A63C /* Debug */,
				5EA825F329EF2BB100C3A63C /* Release */,
			);
			defaultConfigurationIsVisible = 0;
			defaultConfigurationName = Release;
		};
		5EA825F429EF2BB100C3A63C /* Build configuration list for PBXNativeTarget "GraphicsWithKernel" */ = {
			isa = XCConfigurationList;
			buildConfigurations = (
				5EA825F529EF2BB100C3A63C /* Debug */,
				5EA825F629EF2BB100C3A63C /* Release */,
			);
			defaultConfigurationIsVisible = 0;
			defaultConfigurationName = Release;
		};
/* End XCConfigurationList section */
	};
	rootObject = 5EA825DE29EF2BB000C3A63C /* Project object */;
}
